
Microsoft Visual Studio Solution File, Format Version 12.00
# Visual Studio Version 17
VisualStudioVersion = 17.13.35825.156
MinimumVisualStudioVersion = 10.0.40219.1
Project("{FAE04EC0-301F-11D3-BF4B-00C04F79EFBC}") = "Interfases", "Interfases\Interfases.csproj", "{8BCDFC20-1E36-4AF9-9A7C-C1C42360F794}"
EndProject
Global
	GlobalSection(SolutionConfigurationPlatforms) = preSolution
		Debug|Any CPU = Debug|Any CPU
		Release|Any CPU = Release|Any CPU
	EndGlobalSection
	GlobalSection(ProjectConfigurationPlatforms) = postSolution
		{8BCDFC20-1E36-4AF9-9A7C-C1C42360F794}.Debug|Any CPU.ActiveCfg = Debug|Any CPU
		{8BCDFC20-1E36-4AF9-9A7C-C1C42360F794}.Debug|Any CPU.Build.0 = Debug|Any CPU
		{8BCDFC20-1E36-4AF9-9A7C-C1C42360F794}.Debug|Any CPU.Deploy.0 = Debug|Any CPU
		{8BCDFC20-1E36-4AF9-9A7C-C1C42360F794}.Release|Any CPU.ActiveCfg = Release|Any CPU
		{8BCDFC20-1E36-4AF9-9A7C-C1C42360F794}.Release|Any CPU.Build.0 = Release|Any CPU
	EndGlobalSection
	GlobalSection(SolutionProperties) = preSolution
		HideSolutionNode = FALSE
	EndGlobalSection
	GlobalSection(ExtensibilityGlobals) = postSolution
		SolutionGuid = {6C1A5649-B12A-4B7C-BAAE-380D10B8FBA0}
	EndGlobalSection
EndGlobal
